
Microsoft Visual Studio Solution File, Format Version 12.00
# Visual Studio 15
VisualStudioVersion = 15.0.26430.12
MinimumVisualStudioVersion = 10.0.40219.1
Project("{FAE04EC0-301F-11D3-BF4B-00C04F79EFBC}") = "SimpleAudio", "SimpleAudio\SimpleAudio.csproj", "{A8BF1C4E-272A-4955-BF39-29D4FF13EDC2}"
EndProject
Project("{FAE04EC0-301F-11D3-BF4B-00C04F79EFBC}") = "NotifyIconWpf", "WPFNotifyIcon\NotifyIconWpf.csproj", "{7AC63864-7638-41C4-969C-D3197EF2BED9}"
EndProject
Project("{FAE04EC0-301F-11D3-BF4B-00C04F79EFBC}") = "DeadDog.Audio", "DeadDog.Audio\DeadDog.Audio\DeadDog.Audio.csproj", "{A393FD81-A89C-4761-AF87-2E5DE2B95B61}"
EndProject
Project("{FAE04EC0-301F-11D3-BF4B-00C04F79EFBC}") = "DeadDog.Audio.AudioDB", "DeadDog.Audio\DeadDog.Audio.AudioDB\DeadDog.Audio.AudioDB.csproj", "{F57A9126-C03A-499C-B1FB-5336FBCE4415}"
EndProject
Project("{2150E333-8FDC-42A3-9474-1A3956D46DE8}") = "Audio", "Audio", "{BE664513-9C0D-4960-B302-D08C65D436BB}"
EndProject
Project("{FAE04EC0-301F-11D3-BF4B-00C04F79EFBC}") = "Mvvm", "Mvvm\Mvvm.csproj", "{49CD8D53-88A5-4014-B0AE-DFDEFC64D7BD}"
EndProject
Project("{FAE04EC0-301F-11D3-BF4B-00C04F79EFBC}") = "SimpleAudio.ViewModels", "SimpleAudio.ViewModels\SimpleAudio.ViewModels.csproj", "{0FA91641-8EB9-4307-9587-05C18B967913}"
EndProject
Project("{FAE04EC0-301F-11D3-BF4B-00C04F79EFBC}") = "SimpleAudio.Views", "SimpleAudio.Views\SimpleAudio.Views.csproj", "{7F77632D-6D18-44CA-998C-214913369BAE}"
EndProject
Global
	GlobalSection(SolutionConfigurationPlatforms) = preSolution
		Debug|Any CPU = Debug|Any CPU
		Release|Any CPU = Release|Any CPU
	EndGlobalSection
	GlobalSection(ProjectConfigurationPlatforms) = postSolution
		{A8BF1C4E-272A-4955-BF39-29D4FF13EDC2}.Debug|Any CPU.ActiveCfg = Debug|Any CPU
		{A8BF1C4E-272A-4955-BF39-29D4FF13EDC2}.Debug|Any CPU.Build.0 = Debug|Any CPU
		{A8BF1C4E-272A-4955-BF39-29D4FF13EDC2}.Release|Any CPU.ActiveCfg = Release|Any CPU
		{A8BF1C4E-272A-4955-BF39-29D4FF13EDC2}.Release|Any CPU.Build.0 = Release|Any CPU
		{7AC63864-7638-41C4-969C-D3197EF2BED9}.Debug|Any CPU.ActiveCfg = Debug|Any CPU
		{7AC63864-7638-41C4-969C-D3197EF2BED9}.Debug|Any CPU.Build.0 = Debug|Any CPU
		{7AC63864-7638-41C4-969C-D3197EF2BED9}.Release|Any CPU.ActiveCfg = Release|Any CPU
		{7AC63864-7638-41C4-969C-D3197EF2BED9}.Release|Any CPU.Build.0 = Release|Any CPU
		{A393FD81-A89C-4761-AF87-2E5DE2B95B61}.Debug|Any CPU.ActiveCfg = Debug|Any CPU
		{A393FD81-A89C-4761-AF87-2E5DE2B95B61}.Debug|Any CPU.Build.0 = Debug|Any CPU
		{A393FD81-A89C-4761-AF87-2E5DE2B95B61}.Release|Any CPU.ActiveCfg = Release|Any CPU
		{A393FD81-A89C-4761-AF87-2E5DE2B95B61}.Release|Any CPU.Build.0 = Release|Any CPU
		{F57A9126-C03A-499C-B1FB-5336FBCE4415}.Debug|Any CPU.ActiveCfg = Debug|Any CPU
		{F57A9126-C03A-499C-B1FB-5336FBCE4415}.Debug|Any CPU.Build.0 = Debug|Any CPU
		{F57A9126-C03A-499C-B1FB-5336FBCE4415}.Release|Any CPU.ActiveCfg = Release|Any CPU
		{F57A9126-C03A-499C-B1FB-5336FBCE4415}.Release|Any CPU.Build.0 = Release|Any CPU
		{49CD8D53-88A5-4014-B0AE-DFDEFC64D7BD}.Debug|Any CPU.ActiveCfg = Debug|Any CPU
		{49CD8D53-88A5-4014-B0AE-DFDEFC64D7BD}.Debug|Any CPU.Build.0 = Debug|Any CPU
		{49CD8D53-88A5-4014-B0AE-DFDEFC64D7BD}.Release|Any CPU.ActiveCfg = Release|Any CPU
		{49CD8D53-88A5-4014-B0AE-DFDEFC64D7BD}.Release|Any CPU.Build.0 = Release|Any CPU
		{0FA91641-8EB9-4307-9587-05C18B967913}.Debug|Any CPU.ActiveCfg = Debug|Any CPU
		{0FA91641-8EB9-4307-9587-05C18B967913}.Debug|Any CPU.Build.0 = Debug|Any CPU
		{0FA91641-8EB9-4307-9587-05C18B967913}.Release|Any CPU.ActiveCfg = Release|Any CPU
		{0FA91641-8EB9-4307-9587-05C18B967913}.Release|Any CPU.Build.0 = Release|Any CPU
		{7F77632D-6D18-44CA-998C-214913369BAE}.Debug|Any CPU.ActiveCfg = Debug|Any CPU
		{7F77632D-6D18-44CA-998C-214913369BAE}.Debug|Any CPU.Build.0 = Debug|Any CPU
		{7F77632D-6D18-44CA-998C-214913369BAE}.Release|Any CPU.ActiveCfg = Release|Any CPU
		{7F77632D-6D18-44CA-998C-214913369BAE}.Release|Any CPU.Build.0 = Release|Any CPU
	EndGlobalSection
	GlobalSection(SolutionProperties) = preSolution
		HideSolutionNode = FALSE
	EndGlobalSection
	GlobalSection(NestedProjects) = preSolution
		{A393FD81-A89C-4761-AF87-2E5DE2B95B61} = {BE664513-9C0D-4960-B302-D08C65D436BB}
		{F57A9126-C03A-499C-B1FB-5336FBCE4415} = {BE664513-9C0D-4960-B302-D08C65D436BB}
	EndGlobalSection
	GlobalSection(ExtensibilityGlobals) = postSolution
		SolutionGuid = {B21EFAD8-24F4-4D34-9BDD-9BAF8AB2B71F}
	EndGlobalSection
EndGlobal
